// !$*UTF8*$!
{
	archiveVersion = 1;
	classes = {
	};
	objectVersion = 46;
	objects = {

/* Begin PBXBuildFile section */
		26AB68F217ACCA840029D7E9 /* UIKit.framework in Frameworks */ = {isa = PBXBuildFile; fileRef = 26AB68F117ACCA840029D7E9 /* UIKit.framework */; };
		26AB68F417ACCA840029D7E9 /* Foundation.framework in Frameworks */ = {isa = PBXBuildFile; fileRef = 26AB68F317ACCA840029D7E9 /* Foundation.framework */; };
		26AB68F617ACCA840029D7E9 /* CoreGraphics.framework in Frameworks */ = {isa = PBXBuildFile; fileRef = 26AB68F517ACCA840029D7E9 /* CoreGraphics.framework */; };
		26AB68FC17ACCA840029D7E9 /* InfoPlist.strings in Resources */ = {isa = PBXBuildFile; fileRef = 26AB68FA17ACCA840029D7E9 /* InfoPlist.strings */; };
		26AB68FE17ACCA840029D7E9 /* main.m in Sources */ = {isa = PBXBuildFile; fileRef = 26AB68FD17ACCA840029D7E9 /* main.m */; };
		26AB690217ACCA840029D7E9 /* AppDelegate.m in Sources */ = {isa = PBXBuildFile; fileRef = 26AB690117ACCA840029D7E9 /* AppDelegate.m */; };
		26AB690417ACCA840029D7E9 /* Default.png in Resources */ = {isa = PBXBuildFile; fileRef = 26AB690317ACCA840029D7E9 /* Default.png */; };
		26AB690617ACCA840029D7E9 /* Default@2x.png in Resources */ = {isa = PBXBuildFile; fileRef = 26AB690517ACCA840029D7E9 /* Default@2x.png */; };
		26AB690817ACCA840029D7E9 /* Default-568h@2x.png in Resources */ = {isa = PBXBuildFile; fileRef = 26AB690717ACCA840029D7E9 /* Default-568h@2x.png */; };
		26AB690B17ACCA840029D7E9 /* ViewController.m in Sources */ = {isa = PBXBuildFile; fileRef = 26AB690A17ACCA840029D7E9 /* ViewController.m */; };
		26AB690E17ACCA840029D7E9 /* ViewController.xib in Resources */ = {isa = PBXBuildFile; fileRef = 26AB690C17ACCA840029D7E9 /* ViewController.xib */; };
		26AB691517ACCCDC0029D7E9 /* bg.png in Resources */ = {isa = PBXBuildFile; fileRef = 26AB691417ACCCDC0029D7E9 /* bg.png */; };
		26AB691717ACCE080029D7E9 /* bg@2x.png in Resources */ = {isa = PBXBuildFile; fileRef = 26AB691617ACCE080029D7E9 /* bg@2x.png */; };
		26AB691A17ACCE670029D7E9 /* UIView+Effects.m in Sources */ = {isa = PBXBuildFile; fileRef = 26AB691917ACCE670029D7E9 /* UIView+Effects.m */; };
		26AB691C17ACCE7F0029D7E9 /* CoreImage.framework in Frameworks */ = {isa = PBXBuildFile; fileRef = 26AB691B17ACCE7F0029D7E9 /* CoreImage.framework */; };
/* End PBXBuildFile section */

/* Begin PBXFileReference section */
		26AB68EE17ACCA840029D7E9 /* effects.app */ = {isa = PBXFileReference; explicitFileType = wrapper.application; includeInIndex = 0; path = effects.app; sourceTree = BUILT_PRODUCTS_DIR; };
		26AB68F117ACCA840029D7E9 /* UIKit.framework */ = {isa = PBXFileReference; lastKnownFileType = wrapper.framework; name = UIKit.framework; path = System/Library/Frameworks/UIKit.framework; sourceTree = SDKROOT; };
		26AB68F317ACCA840029D7E9 /* Foundation.framework */ = {isa = PBXFileReference; lastKnownFileType = wrapper.framework; name = Foundation.framework; path = System/Library/Frameworks/Foundation.framework; sourceTree = SDKROOT; };
		26AB68F517ACCA840029D7E9 /* CoreGraphics.framework */ = {isa = PBXFileReference; lastKnownFileType = wrapper.framework; name = CoreGraphics.framework; path = System/Library/Frameworks/CoreGraphics.framework; sourceTree = SDKROOT; };
		26AB68F917ACCA840029D7E9 /* effects-Info.plist */ = {isa = PBXFileReference; lastKnownFileType = text.plist.xml; path = "effects-Info.plist"; sourceTree = "<group>"; };
		26AB68FB17ACCA840029D7E9 /* en */ = {isa = PBXFileReference; lastKnownFileType = text.plist.strings; name = en; path = en.lproj/InfoPlist.strings; sourceTree = "<group>"; };
		26AB68FD17ACCA840029D7E9 /* main.m */ = {isa = PBXFileReference; lastKnownFileType = sourcecode.c.objc; path = main.m; sourceTree = "<group>"; };
		26AB68FF17ACCA840029D7E9 /* effects-Prefix.pch */ = {isa = PBXFileReference; lastKnownFileType = sourcecode.c.h; path = "effects-Prefix.pch"; sourceTree = "<group>"; };
		26AB690017ACCA840029D7E9 /* AppDelegate.h */ = {isa = PBXFileReference; lastKnownFileType = sourcecode.c.h; path = AppDelegate.h; sourceTree = "<group>"; };
		26AB690117ACCA840029D7E9 /* AppDelegate.m */ = {isa = PBXFileReference; lastKnownFileType = sourcecode.c.objc; path = AppDelegate.m; sourceTree = "<group>"; };
		26AB690317ACCA840029D7E9 /* Default.png */ = {isa = PBXFileReference; lastKnownFileType = image.png; path = Default.png; sourceTree = "<group>"; };
		26AB690517ACCA840029D7E9 /* Default@2x.png */ = {isa = PBXFileReference; lastKnownFileType = image.png; path = "Default@2x.png"; sourceTree = "<group>"; };
		26AB690717ACCA840029D7E9 /* Default-568h@2x.png */ = {isa = PBXFileReference; lastKnownFileType = image.png; path = "Default-568h@2x.png"; sourceTree = "<group>"; };
		26AB690917ACCA840029D7E9 /* ViewController.h */ = {isa = PBXFileReference; lastKnownFileType = sourcecode.c.h; path = ViewController.h; sourceTree = "<group>"; };
		26AB690A17ACCA840029D7E9 /* ViewController.m */ = {isa = PBXFileReference; lastKnownFileType = sourcecode.c.objc; path = ViewController.m; sourceTree = "<group>"; };
		26AB690D17ACCA840029D7E9 /* en */ = {isa = PBXFileReference; lastKnownFileType = file.xib; name = en; path = en.lproj/ViewController.xib; sourceTree = "<group>"; };
		26AB691417ACCCDC0029D7E9 /* bg.png */ = {isa = PBXFileReference; lastKnownFileType = image.png; path = bg.png; sourceTree = "<group>"; };
		26AB691617ACCE080029D7E9 /* bg@2x.png */ = {isa = PBXFileReference; lastKnownFileType = image.png; path = "bg@2x.png"; sourceTree = "<group>"; };
		26AB691817ACCE670029D7E9 /* UIView+Effects.h */ = {isa = PBXFileReference; fileEncoding = 4; lastKnownFileType = sourcecode.c.h; path = "UIView+Effects.h"; sourceTree = "<group>"; };
		26AB691917ACCE670029D7E9 /* UIView+Effects.m */ = {isa = PBXFileReference; fileEncoding = 4; lastKnownFileType = sourcecode.c.objc; path = "UIView+Effects.m"; sourceTree = "<group>"; };
		26AB691B17ACCE7F0029D7E9 /* CoreImage.framework */ = {isa = PBXFileReference; lastKnownFileType = wrapper.framework; name = CoreImage.framework; path = System/Library/Frameworks/CoreImage.framework; sourceTree = SDKROOT; };
/* End PBXFileReference section */

/* Begin PBXFrameworksBuildPhase section */
		26AB68EB17ACCA840029D7E9 /* Frameworks */ = {
			isa = PBXFrameworksBuildPhase;
			buildActionMask = 2147483647;
			files = (
				26AB691C17ACCE7F0029D7E9 /* CoreImage.framework in Frameworks */,
				26AB68F217ACCA840029D7E9 /* UIKit.framework in Frameworks */,
				26AB68F417ACCA840029D7E9 /* Foundation.framework in Frameworks */,
				26AB68F617ACCA840029D7E9 /* CoreGraphics.framework in Frameworks */,
			);
			runOnlyForDeploymentPostprocessing = 0;
		};
/* End PBXFrameworksBuildPhase section */

/* Begin PBXGroup section */
		26AB68E517ACCA840029D7E9 = {
			isa = PBXGroup;
			children = (
				26AB68F717ACCA840029D7E9 /* effects */,
				26AB68F017ACCA840029D7E9 /* Frameworks */,
				26AB68EF17ACCA840029D7E9 /* Products */,
			);
			sourceTree = "<group>";
		};
		26AB68EF17ACCA840029D7E9 /* Products */ = {
			isa = PBXGroup;
			children = (
				26AB68EE17ACCA840029D7E9 /* effects.app */,
			);
			name = Products;
			sourceTree = "<group>";
		};
		26AB68F017ACCA840029D7E9 /* Frameworks */ = {
			isa = PBXGroup;
			children = (
				26AB691B17ACCE7F0029D7E9 /* CoreImage.framework */,
				26AB68F117ACCA840029D7E9 /* UIKit.framework */,
				26AB68F317ACCA840029D7E9 /* Foundation.framework */,
				26AB68F517ACCA840029D7E9 /* CoreGraphics.framework */,
			);
			name = Frameworks;
			sourceTree = "<group>";
		};
		26AB68F717ACCA840029D7E9 /* effects */ = {
			isa = PBXGroup;
			children = (
				26AB690017ACCA840029D7E9 /* AppDelegate.h */,
				26AB690117ACCA840029D7E9 /* AppDelegate.m */,
				26AB691817ACCE670029D7E9 /* UIView+Effects.h */,
				26AB691917ACCE670029D7E9 /* UIView+Effects.m */,
				26AB690917ACCA840029D7E9 /* ViewController.h */,
				26AB690A17ACCA840029D7E9 /* ViewController.m */,
				26AB690C17ACCA840029D7E9 /* ViewController.xib */,
				26AB691417ACCCDC0029D7E9 /* bg.png */,
				26AB691617ACCE080029D7E9 /* bg@2x.png */,
				26AB68F817ACCA840029D7E9 /* Supporting Files */,
			);
			path = effects;
			sourceTree = "<group>";
		};
		26AB68F817ACCA840029D7E9 /* Supporting Files */ = {
			isa = PBXGroup;
			children = (
				26AB68F917ACCA840029D7E9 /* effects-Info.plist */,
				26AB68FA17ACCA840029D7E9 /* InfoPlist.strings */,
				26AB68FD17ACCA840029D7E9 /* main.m */,
				26AB68FF17ACCA840029D7E9 /* effects-Prefix.pch */,
				26AB690317ACCA840029D7E9 /* Default.png */,
				26AB690517ACCA840029D7E9 /* Default@2x.png */,
				26AB690717ACCA840029D7E9 /* Default-568h@2x.png */,
			);
			name = "Supporting Files";
			sourceTree = "<group>";
		};
/* End PBXGroup section */

/* Begin PBXNativeTarget section */
		26AB68ED17ACCA840029D7E9 /* effects */ = {
			isa = PBXNativeTarget;
			buildConfigurationList = 26AB691117ACCA840029D7E9 /* Build configuration list for PBXNativeTarget "effects" */;
			buildPhases = (
				26AB68EA17ACCA840029D7E9 /* Sources */,
				26AB68EB17ACCA840029D7E9 /* Frameworks */,
				26AB68EC17ACCA840029D7E9 /* Resources */,
			);
			buildRules = (
			);
			dependencies = (
			);
			name = effects;
			productName = effects;
			productReference = 26AB68EE17ACCA840029D7E9 /* effects.app */;
			productType = "com.apple.product-type.application";
		};
/* End PBXNativeTarget section */

/* Begin PBXProject section */
		26AB68E617ACCA840029D7E9 /* Project object */ = {
			isa = PBXProject;
			attributes = {
				LastUpgradeCheck = 0460;
				ORGANIZATIONNAME = "Zhiyu Zheng";
			};
			buildConfigurationList = 26AB68E917ACCA840029D7E9 /* Build configuration list for PBXProject "effects" */;
			compatibilityVersion = "Xcode 3.2";
			developmentRegion = English;
			hasScannedForEncodings = 0;
			knownRegions = (
				en,
			);
			mainGroup = 26AB68E517ACCA840029D7E9;
			productRefGroup = 26AB68EF17ACCA840029D7E9 /* Products */;
			projectDirPath = "";
			projectRoot = "";
			targets = (
				26AB68ED17ACCA840029D7E9 /* effects */,
			);
		};
/* End PBXProject section */

/* Begin PBXResourcesBuildPhase section */
		26AB68EC17ACCA840029D7E9 /* Resources */ = {
			isa = PBXResourcesBuildPhase;
			buildActionMask = 2147483647;
			files = (
				26AB68FC17ACCA840029D7E9 /* InfoPlist.strings in Resources */,
				26AB690417ACCA840029D7E9 /* Default.png in Resources */,
				26AB690617ACCA840029D7E9 /* Default@2x.png in Resources */,
				26AB690817ACCA840029D7E9 /* Default-568h@2x.png in Resources */,
				26AB690E17ACCA840029D7E9 /* ViewController.xib in Resources */,
				26AB691517ACCCDC0029D7E9 /* bg.png in Resources */,
				26AB691717ACCE080029D7E9 /* bg@2x.png in Resources */,
			);
			runOnlyForDeploymentPostprocessing = 0;
		};
/* End PBXResourcesBuildPhase section */

/* Begin PBXSourcesBuildPhase section */
		26AB68EA17ACCA840029D7E9 /* Sources */ = {
			isa = PBXSourcesBuildPhase;
			buildActionMask = 2147483647;
			files = (
				26AB68FE17ACCA840029D7E9 /* main.m in Sources */,
				26AB690217ACCA840029D7E9 /* AppDelegate.m in Sources */,
				26AB690B17ACCA840029D7E9 /* ViewController.m in Sources */,
				26AB691A17ACCE670029D7E9 /* UIView+Effects.m in Sources */,
			);
			runOnlyForDeploymentPostprocessing = 0;
		};
/* End PBXSourcesBuildPhase section */

/* Begin PBXVariantGroup section */
		26AB68FA17ACCA840029D7E9 /* InfoPlist.strings */ = {
			isa = PBXVariantGroup;
			children = (
				26AB68FB17ACCA840029D7E9 /* en */,
			);
			name = InfoPlist.strings;
			sourceTree = "<group>";
		};
		26AB690C17ACCA840029D7E9 /* ViewController.xib */ = {
			isa = PBXVariantGroup;
			children = (
				26AB690D17ACCA840029D7E9 /* en */,
			);
			name = ViewController.xib;
			sourceTree = "<group>";
		};
/* End PBXVariantGroup section */

/* Begin XCBuildConfiguration section */
		26AB690F17ACCA840029D7E9 /* Debug */ = {
			isa = XCBuildConfiguration;
			buildSettings = {
				ALWAYS_SEARCH_USER_PATHS = NO;
				CLANG_CXX_LANGUAGE_STANDARD = "gnu++0x";
				CLANG_CXX_LIBRARY = "libc++";
				CLANG_WARN_CONSTANT_CONVERSION = YES;
				CLANG_WARN_EMPTY_BODY = YES;
				CLANG_WARN_ENUM_CONVERSION = YES;
				CLANG_WARN_INT_CONVERSION = YES;
				CLANG_WARN__DUPLICATE_METHOD_MATCH = YES;
				"CODE_SIGN_IDENTITY[sdk=iphoneos*]" = "iPhone Developer";
				COPY_PHASE_STRIP = NO;
				GCC_C_LANGUAGE_STANDARD = gnu99;
				GCC_DYNAMIC_NO_PIC = NO;
				GCC_OPTIMIZATION_LEVEL = 0;
				GCC_PREPROCESSOR_DEFINITIONS = (
					"DEBUG=1",
					"$(inherited)",
				);
				GCC_SYMBOLS_PRIVATE_EXTERN = NO;
				GCC_WARN_ABOUT_RETURN_TYPE = YES;
				GCC_WARN_UNINITIALIZED_AUTOS = YES;
				GCC_WARN_UNUSED_VARIABLE = YES;
				IPHONEOS_DEPLOYMENT_TARGET = 6.1;
				ONLY_ACTIVE_ARCH = YES;
				SDKROOT = iphoneos;
			};
			name = Debug;
		};
		26AB691017ACCA840029D7E9 /* Release */ = {
			isa = XCBuildConfiguration;
			buildSettings = {
				ALWAYS_SEARCH_USER_PATHS = NO;
				CLANG_CXX_LANGUAGE_STANDARD = "gnu++0x";
				CLANG_CXX_LIBRARY = "libc++";
				CLANG_WARN_CONSTANT_CONVERSION = YES;
				CLANG_WARN_EMPTY_BODY = YES;
				CLANG_WARN_ENUM_CONVERSION = YES;
				CLANG_WARN_INT_CONVERSION = YES;
				CLANG_WARN__DUPLICATE_METHOD_MATCH = YES;
				"CODE_SIGN_IDENTITY[sdk=iphoneos*]" = "iPhone Developer";
				COPY_PHASE_STRIP = YES;
				GCC_C_LANGUAGE_STANDARD = gnu99;
				GCC_WARN_ABOUT_RETURN_TYPE = YES;
				GCC_WARN_UNINITIALIZED_AUTOS = YES;
				GCC_WARN_UNUSED_VARIABLE = YES;
				IPHONEOS_DEPLOYMENT_TARGET = 6.1;
				OTHER_CFLAGS = "-DNS_BLOCK_ASSERTIONS=1";
				SDKROOT = iphoneos;
				VALIDATE_PRODUCT = YES;
			};
			name = Release;
		};
		26AB691217ACCA840029D7E9 /* Debug */ = {
			isa = XCBuildConfiguration;
			buildSettings = {
				GCC_PRECOMPILE_PREFIX_HEADER = YES;
				GCC_PREFIX_HEADER = "effects/effects-Prefix.pch";
				INFOPLIST_FILE = "effects/effects-Info.plist";
				IPHONEOS_DEPLOYMENT_TARGET = 5.0;
				PRODUCT_NAME = "$(TARGET_NAME)";
				WRAPPER_EXTENSION = app;
			};
			name = Debug;
		};
		26AB691317ACCA840029D7E9 /* Release */ = {
			isa = XCBuildConfiguration;
			buildSettings = {
				GCC_PRECOMPILE_PREFIX_HEADER = YES;
				GCC_PREFIX_HEADER = "effects/effects-Prefix.pch";
				INFOPLIST_FILE = "effects/effects-Info.plist";
				IPHONEOS_DEPLOYMENT_TARGET = 5.0;
				PRODUCT_NAME = "$(TARGET_NAME)";
				WRAPPER_EXTENSION = app;
			};
			name = Release;
		};
/* End XCBuildConfiguration section */

/* Begin XCConfigurationList section */
		26AB68E917ACCA840029D7E9 /* Build configuration list for PBXProject "effects" */ = {
			isa = XCConfigurationList;
			buildConfigurations = (
				26AB690F17ACCA840029D7E9 /* Debug */,
				26AB691017ACCA840029D7E9 /* Release */,
			);
			defaultConfigurationIsVisible = 0;
			defaultConfigurationName = Release;
		};
		26AB691117ACCA840029D7E9 /* Build configuration list for PBXNativeTarget "effects" */ = {
			isa = XCConfigurationList;
			buildConfigurations = (
				26AB691217ACCA840029D7E9 /* Debug */,
				26AB691317ACCA840029D7E9 /* Release */,
			);
			defaultConfigurationIsVisible = 0;
		};
/* End XCConfigurationList section */
	};
	rootObject = 26AB68E617ACCA840029D7E9 /* Project object */;
}
